{
  "name": "react-walk-through",
  "version": "1.0.0",
  "lockfileVersion": 1,
  "requires": true,
  "dependencies": {
    "@types/react": {
      "version": "16.0.40",
      "resolved": "https://registry.npmjs.org/@types/react/-/react-16.0.40.tgz",
      "integrity": "sha512-OZi2OPNI1DGwnC3Fgbr1CcYfOD6V0pbv+aehXdvuFE+L+sipWjividsasuqFW/G0CZrZ81Ao+9IzjvkRDWCE9Q==",
      "dev": true
    },
    "@types/react-dom": {
      "version": "15.5.7",
      "resolved": "http://registry.npmjs.org/@types/react-dom/-/react-dom-15.5.7.tgz",
      "integrity": "sha512-XGLjgNtPnBuO1cITYWZAk4KbH0UEDqMg2kuG3xx0UgnrcSd6ijO57Fp9rimmrDKcBnx3b2vFQuEYRXu2GihRYQ==",
      "dev": true,
      "requires": {
        "@types/react": "15.6.14"
      },
      "dependencies": {
        "@types/react": {
          "version": "15.6.14",
          "resolved": "https://registry.npmjs.org/@types/react/-/react-15.6.14.tgz",
          "integrity": "sha512-k6YJBmHfzkCtk3iT6aN2hclkPYL2fxlSc3dW//G2kENlmMJ/V+pKhqsHdJJeVluIi1bA296cCLLGATLm7WXToQ==",
          "dev": true
        }
      }
    }
  }
}
